
Microsoft Visual Studio Solution File, Format Version 12.00
# Visual Studio Version 16
VisualStudioVersion = 16.0.32929.386
MinimumVisualStudioVersion = 10.0.40219.1
Project("{FAE04EC0-301F-11D3-BF4B-00C04F79EFBC}") = "Game_Xep_Hinh", "Game_Xep_Hinh\Game_Xep_Hinh.csproj", "{378426B0-6D2D-4545-894C-AA91BCE09736}"
EndProject
Global
	GlobalSection(SolutionConfigurationPlatforms) = preSolution
		Debug|Any CPU = Debug|Any CPU
		Release|Any CPU = Release|Any CPU
	EndGlobalSection
	GlobalSection(ProjectConfigurationPlatforms) = postSolution
		{378426B0-6D2D-4545-894C-AA91BCE09736}.Debug|Any CPU.ActiveCfg = Debug|Any CPU
		{378426B0-6D2D-4545-894C-AA91BCE09736}.Debug|Any CPU.Build.0 = Debug|Any CPU
		{378426B0-6D2D-4545-894C-AA91BCE09736}.Release|Any CPU.ActiveCfg = Release|Any CPU
		{378426B0-6D2D-4545-894C-AA91BCE09736}.Release|Any CPU.Build.0 = Release|Any CPU
	EndGlobalSection
	GlobalSection(SolutionProperties) = preSolution
		HideSolutionNode = FALSE
	EndGlobalSection
	GlobalSection(ExtensibilityGlobals) = postSolution
		SolutionGuid = {90504DEF-D429-4A5F-A612-B856E0A2ABB1}
	EndGlobalSection
EndGlobal
